
Microsoft Visual Studio Solution File, Format Version 12.00
# Visual Studio Version 17
VisualStudioVersion = 17.5.33414.496
MinimumVisualStudioVersion = 10.0.40219.1
Project("{FAE04EC0-301F-11D3-BF4B-00C04F79EFBC}") = "Banco01", "Banco01\Banco01.csproj", "{DCF54542-63E0-42E4-8371-28A01210346E}"
EndProject
Global
	GlobalSection(SolutionConfigurationPlatforms) = preSolution
		Debug|Any CPU = Debug|Any CPU
		Release|Any CPU = Release|Any CPU
	EndGlobalSection
	GlobalSection(ProjectConfigurationPlatforms) = postSolution
		{DCF54542-63E0-42E4-8371-28A01210346E}.Debug|Any CPU.ActiveCfg = Debug|Any CPU
		{DCF54542-63E0-42E4-8371-28A01210346E}.Debug|Any CPU.Build.0 = Debug|Any CPU
		{DCF54542-63E0-42E4-8371-28A01210346E}.Release|Any CPU.ActiveCfg = Release|Any CPU
		{DCF54542-63E0-42E4-8371-28A01210346E}.Release|Any CPU.Build.0 = Release|Any CPU
	EndGlobalSection
	GlobalSection(SolutionProperties) = preSolution
		HideSolutionNode = FALSE
	EndGlobalSection
	GlobalSection(ExtensibilityGlobals) = postSolution
		SolutionGuid = {32FE0638-DA96-470D-8031-CC880E2D1956}
	EndGlobalSection
EndGlobal
